
Microsoft Visual Studio Solution File, Format Version 12.00
# Visual Studio 2012
Project("{FAE04EC0-301F-11D3-BF4B-00C04F79EFBC}") = "ShootR", "ShootR\ShootR.csproj", "{2FCC3FA2-0A13-4443-BB18-0A89F4F6E9A8}"
EndProject
Global
	GlobalSection(SolutionConfigurationPlatforms) = preSolution
		Debug|Any CPU = Debug|Any CPU
		Release|Any CPU = Release|Any CPU
	EndGlobalSection
	GlobalSection(ProjectConfigurationPlatforms) = postSolution
		{2FCC3FA2-0A13-4443-BB18-0A89F4F6E9A8}.Debug|Any CPU.ActiveCfg = Debug|Any CPU
		{2FCC3FA2-0A13-4443-BB18-0A89F4F6E9A8}.Debug|Any CPU.Build.0 = Debug|Any CPU
		{2FCC3FA2-0A13-4443-BB18-0A89F4F6E9A8}.Release|Any CPU.ActiveCfg = Release|Any CPU
		{2FCC3FA2-0A13-4443-BB18-0A89F4F6E9A8}.Release|Any CPU.Build.0 = Release|Any CPU
	EndGlobalSection
	GlobalSection(SolutionProperties) = preSolution
		HideSolutionNode = FALSE
	EndGlobalSection
EndGlobal
